
Microsoft Visual Studio Solution File, Format Version 12.00
# Visual Studio 15
VisualStudioVersion = 15.0.26730.16
MinimumVisualStudioVersion = 10.0.40219.1
Project("{930C7802-8A8C-48F9-8165-68863BCCD9DD}") = "CodexDSServer", "CodexDSServer\CodexDSServer.wixproj", "{86F9DBEC-22D6-45C1-9B06-A6033964504F}"
EndProject
Global
	GlobalSection(SolutionConfigurationPlatforms) = preSolution
		Debug|x86 = Debug|x86
		Release|x86 = Release|x86
	EndGlobalSection
	GlobalSection(ProjectConfigurationPlatforms) = postSolution
		{86F9DBEC-22D6-45C1-9B06-A6033964504F}.Debug|x86.ActiveCfg = Debug|x86
		{86F9DBEC-22D6-45C1-9B06-A6033964504F}.Debug|x86.Build.0 = Debug|x86
		{86F9DBEC-22D6-45C1-9B06-A6033964504F}.Release|x86.ActiveCfg = Release|x86
		{86F9DBEC-22D6-45C1-9B06-A6033964504F}.Release|x86.Build.0 = Release|x86
	EndGlobalSection
	GlobalSection(SolutionProperties) = preSolution
		HideSolutionNode = FALSE
	EndGlobalSection
	GlobalSection(ExtensibilityGlobals) = postSolution
		SolutionGuid = {4FD0740A-C80A-4C28-802E-18C89A77C2D2}
	EndGlobalSection
EndGlobal
